%{"bbmustache": {:hex, :bbmustache, "1.0.3"},
  "bullet": {:git, "https://github.com/timCF/bullet.git", "8193e85a3b0005f902060a5a3f8cd76b7ed70976", []},
  "conform": {:hex, :conform, "0.17.0"},
  "cowboy": {:git, "https://github.com/ninenines/cowboy.git", "db52494371ea249f38d51108c7d79cf487ff6374", [tag: "0.9.0"]},
  "cowlib": {:git, "git://github.com/extend/cowlib.git", "63298e8e160031a70efff86a1acde7e7db1fcda6", [ref: "0.4.0"]},
  "erlware_commons": {:hex, :erlware_commons, "0.15.0"},
  "exactor": {:git, "https://github.com/sasa1977/exactor.git", "0467f8100bc735405d597dbf94996195eb31e0b6", [tag: "0467f8100bc735405d597dbf94996195eb31e0b6"]},
  "exrm": {:git, "https://github.com/bitwalker/exrm.git", "ba7596cdc9f303708d7279b223408c19219c2ca3", [tag: "0.19.9"]},
  "extask": {:git, "https://github.com/timCF/extask.git", "691cc1a515750bead8b81ed6c13cddbcf115d754", []},
  "exutils": {:git, "https://github.com/timCF/exutils.git", "2f9f46305586f265b64d321e5e3545bab1598203", []},
  "getopt": {:hex, :getopt, "0.8.2"},
  "hashex": {:git, "https://github.com/timCF/hashex.git", "d10a5f3e724e7be016c9ff7420ef5eb3780c3dae", []},
  "jazz": {:git, "https://github.com/meh/jazz.git", "49f335492aca5516495199dd81dd18b845ebaa69", []},
  "logex": {:git, "https://github.com/timCF/logex.git", "cec2390f0fa3772a2717e10d969e2f400c6fe5df", []},
  "mimetypes": {:git, "https://github.com/spawngrid/mimetypes.git", "47d37a977a7d633199822bf6b08353007483d00f", []},
  "myswt": {:git, "https://github.com/timCF/myswt.git", "0fb28abfaeb48991330f047d4bcadb8d81c429c0", [branch: "megaweb"]},
  "neotoma": {:hex, :neotoma, "1.7.3"},
  "providers": {:hex, :providers, "1.4.1"},
  "quickrand": {:hex, :quickrand, "1.5.0"},
  "ranch": {:git, "git://github.com/extend/ranch.git", "5df1f222f94e08abdcab7084f5e13027143cc222", [ref: "0.9.0"]},
  "relx": {:hex, :relx, "3.5.0"},
  "silverb": {:git, "https://github.com/timCF/silverb.git", "c13d12f8b2bc6a09075bb9b7ec140600e8d959ed", []},
  "tinca": {:git, "https://github.com/timCF/tinca.git", "06ee9bff138dbdeae6c1de0340b10475f4b657b1", []},
  "uuid": {:git, "https://github.com/okeuday/uuid.git", "24325ae6309d03897735c3a320aab6f74b189ab7", []},
  "wwwest": {:git, "https://github.com/timCF/wwwest.git", "470849facdb11982dbbfa9b7e375c73b4d7ea7a3", []}}
